// !$*UTF8*$!
{
	archiveVersion = 1;
	classes = {
	};
	objectVersion = 46;
	objects = {

/* Begin PBXBuildFile section */
		4E5EBDC41C626D7E0073252A /* AppDelegate.swift in Sources */ = {isa = PBXBuildFile; fileRef = 4E5EBDC31C626D7E0073252A /* AppDelegate.swift */; };
		4E5EBDC91C626D7E0073252A /* Main.storyboard in Resources */ = {isa = PBXBuildFile; fileRef = 4E5EBDC71C626D7E0073252A /* Main.storyboard */; };
		4E5EBDCB1C626D7E0073252A /* Assets.xcassets in Resources */ = {isa = PBXBuildFile; fileRef = 4E5EBDCA1C626D7E0073252A /* Assets.xcassets */; };
		4E5EBDCE1C626D7E0073252A /* LaunchScreen.storyboard in Resources */ = {isa = PBXBuildFile; fileRef = 4E5EBDCC1C626D7E0073252A /* LaunchScreen.storyboard */; };
		4E5EBDD61C626EC90073252A /* FlicksViewController.swift in Sources */ = {isa = PBXBuildFile; fileRef = 4E5EBDD51C626EC90073252A /* FlicksViewController.swift */; };
		4E5EBDD91C6287610073252A /* FlickCell.swift in Sources */ = {isa = PBXBuildFile; fileRef = 4E5EBDD81C6287610073252A /* FlickCell.swift */; };
		4E6054C01C62F433005FEDCC /* Constants.swift in Sources */ = {isa = PBXBuildFile; fileRef = 4E6054BF1C62F433005FEDCC /* Constants.swift */; };
		4E75BAD01C68163200FD42A6 /* NetworkingError.swift in Sources */ = {isa = PBXBuildFile; fileRef = 4E75BACF1C68163200FD42A6 /* NetworkingError.swift */; };
		4E75BAD51C68201B00FD42A6 /* Reachability.m in Sources */ = {isa = PBXBuildFile; fileRef = 4E75BAD41C68201B00FD42A6 /* Reachability.m */; };
		4E75BAD91C682BD500FD42A6 /* Flicks_ViewController.swift in Sources */ = {isa = PBXBuildFile; fileRef = 4E75BAD81C682BD500FD42A6 /* Flicks_ViewController.swift */; };
		4E75BADB1C682C8B00FD42A6 /* Flicks_Cell.swift in Sources */ = {isa = PBXBuildFile; fileRef = 4E75BADA1C682C8B00FD42A6 /* Flicks_Cell.swift */; };
		4E75BADD1C6852EE00FD42A6 /* Flicks.gif in Resources */ = {isa = PBXBuildFile; fileRef = 4E75BADC1C6852EE00FD42A6 /* Flicks.gif */; };
		4E75BADF1C696F8E00FD42A6 /* DetailsViewController.swift in Sources */ = {isa = PBXBuildFile; fileRef = 4E75BADE1C696F8E00FD42A6 /* DetailsViewController.swift */; };
		4E75BAE11C69797000FD42A6 /* Flicks_2.gif in Resources */ = {isa = PBXBuildFile; fileRef = 4E75BAE01C69797000FD42A6 /* Flicks_2.gif */; };
		FD09E96E4F6E881FB68DB4CF /* Pods_Flicks.framework in Frameworks */ = {isa = PBXBuildFile; fileRef = A49677B476CBCBBADD99A702 /* Pods_Flicks.framework */; };
/* End PBXBuildFile section */

/* Begin PBXFileReference section */
		16F4FDFB989DCD7F9DDB1637 /* Pods-Flicks.release.xcconfig */ = {isa = PBXFileReference; includeInIndex = 1; lastKnownFileType = text.xcconfig; name = "Pods-Flicks.release.xcconfig"; path = "Pods/Target Support Files/Pods-Flicks/Pods-Flicks.release.xcconfig"; sourceTree = "<group>"; };
		4E5EBDC01C626D7E0073252A /* Flicks.app */ = {isa = PBXFileReference; explicitFileType = wrapper.application; includeInIndex = 0; path = Flicks.app; sourceTree = BUILT_PRODUCTS_DIR; };
		4E5EBDC31C626D7E0073252A /* AppDelegate.swift */ = {isa = PBXFileReference; lastKnownFileType = sourcecode.swift; path = AppDelegate.swift; sourceTree = "<group>"; };
		4E5EBDC81C626D7E0073252A /* Base */ = {isa = PBXFileReference; lastKnownFileType = file.storyboard; name = Base; path = Base.lproj/Main.storyboard; sourceTree = "<group>"; };
		4E5EBDCA1C626D7E0073252A /* Assets.xcassets */ = {isa = PBXFileReference; lastKnownFileType = folder.assetcatalog; path = Assets.xcassets; sourceTree = "<group>"; };
		4E5EBDCD1C626D7E0073252A /* Base */ = {isa = PBXFileReference; lastKnownFileType = file.storyboard; name = Base; path = Base.lproj/LaunchScreen.storyboard; sourceTree = "<group>"; };
		4E5EBDCF1C626D7E0073252A /* Info.plist */ = {isa = PBXFileReference; lastKnownFileType = text.plist.xml; path = Info.plist; sourceTree = "<group>"; };
		4E5EBDD51C626EC90073252A /* FlicksViewController.swift */ = {isa = PBXFileReference; fileEncoding = 4; lastKnownFileType = sourcecode.swift; path = FlicksViewController.swift; sourceTree = "<group>"; };
		4E5EBDD81C6287610073252A /* FlickCell.swift */ = {isa = PBXFileReference; fileEncoding = 4; lastKnownFileType = sourcecode.swift; path = FlickCell.swift; sourceTree = "<group>"; };
		4E6054BF1C62F433005FEDCC /* Constants.swift */ = {isa = PBXFileReference; fileEncoding = 4; lastKnownFileType = sourcecode.swift; path = Constants.swift; sourceTree = "<group>"; };
		4E75BACF1C68163200FD42A6 /* NetworkingError.swift */ = {isa = PBXFileReference; fileEncoding = 4; lastKnownFileType = sourcecode.swift; path = NetworkingError.swift; sourceTree = "<group>"; };
		4E75BAD21C68201B00FD42A6 /* Flicks-Bridging-Header.h */ = {isa = PBXFileReference; lastKnownFileType = sourcecode.c.h; path = "Flicks-Bridging-Header.h"; sourceTree = "<group>"; };
		4E75BAD31C68201B00FD42A6 /* Reachability.h */ = {isa = PBXFileReference; fileEncoding = 4; lastKnownFileType = sourcecode.c.h; path = Reachability.h; sourceTree = "<group>"; };
		4E75BAD41C68201B00FD42A6 /* Reachability.m */ = {isa = PBXFileReference; fileEncoding = 4; lastKnownFileType = sourcecode.c.objc; path = Reachability.m; sourceTree = "<group>"; };
		4E75BAD81C682BD500FD42A6 /* Flicks_ViewController.swift */ = {isa = PBXFileReference; fileEncoding = 4; lastKnownFileType = sourcecode.swift; path = Flicks_ViewController.swift; sourceTree = "<group>"; };
		4E75BADA1C682C8B00FD42A6 /* Flicks_Cell.swift */ = {isa = PBXFileReference; fileEncoding = 4; lastKnownFileType = sourcecode.swift; path = Flicks_Cell.swift; sourceTree = "<group>"; };
		4E75BADC1C6852EE00FD42A6 /* Flicks.gif */ = {isa = PBXFileReference; lastKnownFileType = image.gif; path = Flicks.gif; sourceTree = "<group>"; };
		4E75BADE1C696F8E00FD42A6 /* DetailsViewController.swift */ = {isa = PBXFileReference; fileEncoding = 4; lastKnownFileType = sourcecode.swift; path = DetailsViewController.swift; sourceTree = "<group>"; };
		4E75BAE01C69797000FD42A6 /* Flicks_2.gif */ = {isa = PBXFileReference; lastKnownFileType = image.gif; path = Flicks_2.gif; sourceTree = "<group>"; };
		8D9BD2F45E0BFDD5C78C7B9B /* Pods-Flicks.debug.xcconfig */ = {isa = PBXFileReference; includeInIndex = 1; lastKnownFileType = text.xcconfig; name = "Pods-Flicks.debug.xcconfig"; path = "Pods/Target Support Files/Pods-Flicks/Pods-Flicks.debug.xcconfig"; sourceTree = "<group>"; };
		A49677B476CBCBBADD99A702 /* Pods_Flicks.framework */ = {isa = PBXFileReference; explicitFileType = wrapper.framework; includeInIndex = 0; path = Pods_Flicks.framework; sourceTree = BUILT_PRODUCTS_DIR; };
/* End PBXFileReference section */

/* Begin PBXFrameworksBuildPhase section */
		4E5EBDBD1C626D7E0073252A /* Frameworks */ = {
			isa = PBXFrameworksBuildPhase;
			buildActionMask = 2147483647;
			files = (
				FD09E96E4F6E881FB68DB4CF /* Pods_Flicks.framework in Frameworks */,
			);
			runOnlyForDeploymentPostprocessing = 0;
		};
/* End PBXFrameworksBuildPhase section */

/* Begin PBXGroup section */
		4E5EBDB71C626D7E0073252A = {
			isa = PBXGroup;
			children = (
				4E6054BB1C62EC83005FEDCC /* Gif */,
				4E5EBDC21C626D7E0073252A /* Flicks */,
				4E5EBDC11C626D7E0073252A /* Products */,
				6C6EE8105B2B9988B5EE121C /* Pods */,
				B156E73D70A7CFE7670269B8 /* Frameworks */,
			);
			sourceTree = "<group>";
		};
		4E5EBDC11C626D7E0073252A /* Products */ = {
			isa = PBXGroup;
			children = (
				4E5EBDC01C626D7E0073252A /* Flicks.app */,
			);
			name = Products;
			sourceTree = "<group>";
		};
		4E5EBDC21C626D7E0073252A /* Flicks */ = {
			isa = PBXGroup;
			children = (
				4E75BAD11C681FF400FD42A6 /* Reachability */,
				4E6054BE1C62F418005FEDCC /* Constants */,
				4E5EBDDA1C62877A0073252A /* View Controllers */,
				4E5EBDD71C6287210073252A /* Views */,
				4E5EBDC31C626D7E0073252A /* AppDelegate.swift */,
				4E5EBDC71C626D7E0073252A /* Main.storyboard */,
				4E5EBDCA1C626D7E0073252A /* Assets.xcassets */,
				4E5EBDCC1C626D7E0073252A /* LaunchScreen.storyboard */,
				4E5EBDCF1C626D7E0073252A /* Info.plist */,
			);
			path = Flicks;
			sourceTree = "<group>";
		};
		4E5EBDD71C6287210073252A /* Views */ = {
			isa = PBXGroup;
			children = (
				4E5EBDD81C6287610073252A /* FlickCell.swift */,
				4E75BACF1C68163200FD42A6 /* NetworkingError.swift */,
				4E75BADA1C682C8B00FD42A6 /* Flicks_Cell.swift */,
			);
			name = Views;
			sourceTree = "<group>";
		};
		4E5EBDDA1C62877A0073252A /* View Controllers */ = {
			isa = PBXGroup;
			children = (
				4E5EBDD51C626EC90073252A /* FlicksViewController.swift */,
				4E75BAD81C682BD500FD42A6 /* Flicks_ViewController.swift */,
				4E75BADE1C696F8E00FD42A6 /* DetailsViewController.swift */,
			);
			name = "View Controllers";
			sourceTree = "<group>";
		};
		4E6054BB1C62EC83005FEDCC /* Gif */ = {
			isa = PBXGroup;
			children = (
				4E75BAE01C69797000FD42A6 /* Flicks_2.gif */,
				4E75BADC1C6852EE00FD42A6 /* Flicks.gif */,
			);
			name = Gif;
			sourceTree = "<group>";
		};
		4E6054BE1C62F418005FEDCC /* Constants */ = {
			isa = PBXGroup;
			children = (
				4E6054BF1C62F433005FEDCC /* Constants.swift */,
			);
			name = Constants;
			sourceTree = "<group>";
		};
		4E75BAD11C681FF400FD42A6 /* Reachability */ = {
			isa = PBXGroup;
			children = (
				4E75BAD31C68201B00FD42A6 /* Reachability.h */,
				4E75BAD41C68201B00FD42A6 /* Reachability.m */,
				4E75BAD21C68201B00FD42A6 /* Flicks-Bridging-Header.h */,
			);
			name = Reachability;
			sourceTree = "<group>";
		};
		6C6EE8105B2B9988B5EE121C /* Pods */ = {
			isa = PBXGroup;
			children = (
				8D9BD2F45E0BFDD5C78C7B9B /* Pods-Flicks.debug.xcconfig */,
				16F4FDFB989DCD7F9DDB1637 /* Pods-Flicks.release.xcconfig */,
			);
			name = Pods;
			sourceTree = "<group>";
		};
		B156E73D70A7CFE7670269B8 /* Frameworks */ = {
			isa = PBXGroup;
			children = (
				A49677B476CBCBBADD99A702 /* Pods_Flicks.framework */,
			);
			name = Frameworks;
			sourceTree = "<group>";
		};
/* End PBXGroup section */

/* Begin PBXNativeTarget section */
		4E5EBDBF1C626D7E0073252A /* Flicks */ = {
			isa = PBXNativeTarget;
			buildConfigurationList = 4E5EBDD21C626D7E0073252A /* Build configuration list for PBXNativeTarget "Flicks" */;
			buildPhases = (
				148D453F1A657C053C2E4490 /* Check Pods Manifest.lock */,
				4E5EBDBC1C626D7E0073252A /* Sources */,
				4E5EBDBD1C626D7E0073252A /* Frameworks */,
				4E5EBDBE1C626D7E0073252A /* Resources */,
				6784A7C13E95D874FECB6481 /* Embed Pods Frameworks */,
				A987D784C2DA958A849FEF2A /* Copy Pods Resources */,
			);
			buildRules = (
			);
			dependencies = (
			);
			name = Flicks;
			productName = Flicks;
			productReference = 4E5EBDC01C626D7E0073252A /* Flicks.app */;
			productType = "com.apple.product-type.application";
		};
/* End PBXNativeTarget section */

/* Begin PBXProject section */
		4E5EBDB81C626D7E0073252A /* Project object */ = {
			isa = PBXProject;
			attributes = {
				LastSwiftUpdateCheck = 0720;
				LastUpgradeCheck = 0720;
				ORGANIZATIONNAME = "Cristiano Miranda";
				TargetAttributes = {
					4E5EBDBF1C626D7E0073252A = {
						CreatedOnToolsVersion = 7.2.1;
						DevelopmentTeam = J4FTP6PE7K;
					};
				};
			};
			buildConfigurationList = 4E5EBDBB1C626D7E0073252A /* Build configuration list for PBXProject "Flicks" */;
			compatibilityVersion = "Xcode 3.2";
			developmentRegion = English;
			hasScannedForEncodings = 0;
			knownRegions = (
				en,
				Base,
			);
			mainGroup = 4E5EBDB71C626D7E0073252A;
			productRefGroup = 4E5EBDC11C626D7E0073252A /* Products */;
			projectDirPath = "";
			projectRoot = "";
			targets = (
				4E5EBDBF1C626D7E0073252A /* Flicks */,
			);
		};
/* End PBXProject section */

/* Begin PBXResourcesBuildPhase section */
		4E5EBDBE1C626D7E0073252A /* Resources */ = {
			isa = PBXResourcesBuildPhase;
			buildActionMask = 2147483647;
			files = (
				4E5EBDCE1C626D7E0073252A /* LaunchScreen.storyboard in Resources */,
				4E5EBDCB1C626D7E0073252A /* Assets.xcassets in Resources */,
				4E75BAE11C69797000FD42A6 /* Flicks_2.gif in Resources */,
				4E75BADD1C6852EE00FD42A6 /* Flicks.gif in Resources */,
				4E5EBDC91C626D7E0073252A /* Main.storyboard in Resources */,
			);
			runOnlyForDeploymentPostprocessing = 0;
		};
/* End PBXResourcesBuildPhase section */

/* Begin PBXShellScriptBuildPhase section */
		148D453F1A657C053C2E4490 /* Check Pods Manifest.lock */ = {
			isa = PBXShellScriptBuildPhase;
			buildActionMask = 2147483647;
			files = (
			);
			inputPaths = (
			);
			name = "Check Pods Manifest.lock";
			outputPaths = (
			);
			runOnlyForDeploymentPostprocessing = 0;
			shellPath = /bin/sh;
			shellScript = "diff \"${PODS_ROOT}/../Podfile.lock\" \"${PODS_ROOT}/Manifest.lock\" > /dev/null\nif [[ $? != 0 ]] ; then\n    cat << EOM\nerror: The sandbox is not in sync with the Podfile.lock. Run 'pod install' or update your CocoaPods installation.\nEOM\n    exit 1\nfi\n";
			showEnvVarsInLog = 0;
		};
		6784A7C13E95D874FECB6481 /* Embed Pods Frameworks */ = {
			isa = PBXShellScriptBuildPhase;
			buildActionMask = 2147483647;
			files = (
			);
			inputPaths = (
			);
			name = "Embed Pods Frameworks";
			outputPaths = (
			);
			runOnlyForDeploymentPostprocessing = 0;
			shellPath = /bin/sh;
			shellScript = "\"${SRCROOT}/Pods/Target Support Files/Pods-Flicks/Pods-Flicks-frameworks.sh\"\n";
			showEnvVarsInLog = 0;
		};
		A987D784C2DA958A849FEF2A /* Copy Pods Resources */ = {
			isa = PBXShellScriptBuildPhase;
			buildActionMask = 2147483647;
			files = (
			);
			inputPaths = (
			);
			name = "Copy Pods Resources";
			outputPaths = (
			);
			runOnlyForDeploymentPostprocessing = 0;
			shellPath = /bin/sh;
			shellScript = "\"${SRCROOT}/Pods/Target Support Files/Pods-Flicks/Pods-Flicks-resources.sh\"\n";
			showEnvVarsInLog = 0;
		};
/* End PBXShellScriptBuildPhase section */

/* Begin PBXSourcesBuildPhase section */
		4E5EBDBC1C626D7E0073252A /* Sources */ = {
			isa = PBXSourcesBuildPhase;
			buildActionMask = 2147483647;
			files = (
				4E5EBDD61C626EC90073252A /* FlicksViewController.swift in Sources */,
				4E5EBDD91C6287610073252A /* FlickCell.swift in Sources */,
				4E75BADF1C696F8E00FD42A6 /* DetailsViewController.swift in Sources */,
				4E5EBDC41C626D7E0073252A /* AppDelegate.swift in Sources */,
				4E75BAD91C682BD500FD42A6 /* Flicks_ViewController.swift in Sources */,
				4E6054C01C62F433005FEDCC /* Constants.swift in Sources */,
				4E75BAD51C68201B00FD42A6 /* Reachability.m in Sources */,
				4E75BAD01C68163200FD42A6 /* NetworkingError.swift in Sources */,
				4E75BADB1C682C8B00FD42A6 /* Flicks_Cell.swift in Sources */,
			);
			runOnlyForDeploymentPostprocessing = 0;
		};
/* End PBXSourcesBuildPhase section */

/* Begin PBXVariantGroup section */
		4E5EBDC71C626D7E0073252A /* Main.storyboard */ = {
			isa = PBXVariantGroup;
			children = (
				4E5EBDC81C626D7E0073252A /* Base */,
			);
			name = Main.storyboard;
			sourceTree = "<group>";
		};
		4E5EBDCC1C626D7E0073252A /* LaunchScreen.storyboard */ = {
			isa = PBXVariantGroup;
			children = (
				4E5EBDCD1C626D7E0073252A /* Base */,
			);
			name = LaunchScreen.storyboard;
			sourceTree = "<group>";
		};
/* End PBXVariantGroup section */

/* Begin XCBuildConfiguration section */
		4E5EBDD01C626D7E0073252A /* Debug */ = {
			isa = XCBuildConfiguration;
			buildSettings = {
				ALWAYS_SEARCH_USER_PATHS = NO;
				CLANG_CXX_LANGUAGE_STANDARD = "gnu++0x";
				CLANG_CXX_LIBRARY = "libc++";
				CLANG_ENABLE_MODULES = YES;
				CLANG_ENABLE_OBJC_ARC = YES;
				CLANG_WARN_BOOL_CONVERSION = YES;
				CLANG_WARN_CONSTANT_CONVERSION = YES;
				CLANG_WARN_DIRECT_OBJC_ISA_USAGE = YES_ERROR;
				CLANG_WARN_EMPTY_BODY = YES;
				CLANG_WARN_ENUM_CONVERSION = YES;
				CLANG_WARN_INT_CONVERSION = YES;
				CLANG_WARN_OBJC_ROOT_CLASS = YES_ERROR;
				CLANG_WARN_UNREACHABLE_CODE = YES;
				CLANG_WARN__DUPLICATE_METHOD_MATCH = YES;
				"CODE_SIGN_IDENTITY[sdk=iphoneos*]" = "iPhone Developer";
				COPY_PHASE_STRIP = NO;
				DEBUG_INFORMATION_FORMAT = dwarf;
				ENABLE_STRICT_OBJC_MSGSEND = YES;
				ENABLE_TESTABILITY = YES;
				GCC_C_LANGUAGE_STANDARD = gnu99;
				GCC_DYNAMIC_NO_PIC = NO;
				GCC_NO_COMMON_BLOCKS = YES;
				GCC_OPTIMIZATION_LEVEL = 0;
				GCC_PREPROCESSOR_DEFINITIONS = (
					"DEBUG=1",
					"$(inherited)",
				);
				GCC_WARN_64_TO_32_BIT_CONVERSION = YES;
				GCC_WARN_ABOUT_RETURN_TYPE = YES_ERROR;
				GCC_WARN_UNDECLARED_SELECTOR = YES;
				GCC_WARN_UNINITIALIZED_AUTOS = YES_AGGRESSIVE;
				GCC_WARN_UNUSED_FUNCTION = YES;
				GCC_WARN_UNUSED_VARIABLE = YES;
				IPHONEOS_DEPLOYMENT_TARGET = 9.2;
				MTL_ENABLE_DEBUG_INFO = YES;
				ONLY_ACTIVE_ARCH = YES;
				SDKROOT = iphoneos;
				SWIFT_OPTIMIZATION_LEVEL = "-Onone";
				TARGETED_DEVICE_FAMILY = "1,2";
			};
			name = Debug;
		};
		4E5EBDD11C626D7E0073252A /* Release */ = {
			isa = XCBuildConfiguration;
			buildSettings = {
				ALWAYS_SEARCH_USER_PATHS = NO;
				CLANG_CXX_LANGUAGE_STANDARD = "gnu++0x";
				CLANG_CXX_LIBRARY = "libc++";
				CLANG_ENABLE_MODULES = YES;
				CLANG_ENABLE_OBJC_ARC = YES;
				CLANG_WARN_BOOL_CONVERSION = YES;
				CLANG_WARN_CONSTANT_CONVERSION = YES;
				CLANG_WARN_DIRECT_OBJC_ISA_USAGE = YES_ERROR;
				CLANG_WARN_EMPTY_BODY = YES;
				CLANG_WARN_ENUM_CONVERSION = YES;
				CLANG_WARN_INT_CONVERSION = YES;
				CLANG_WARN_OBJC_ROOT_CLASS = YES_ERROR;
				CLANG_WARN_UNREACHABLE_CODE = YES;
				CLANG_WARN__DUPLICATE_METHOD_MATCH = YES;
				"CODE_SIGN_IDENTITY[sdk=iphoneos*]" = "iPhone Developer";
				COPY_PHASE_STRIP = NO;
				DEBUG_INFORMATION_FORMAT = "dwarf-with-dsym";
				ENABLE_NS_ASSERTIONS = NO;
				ENABLE_STRICT_OBJC_MSGSEND = YES;
				GCC_C_LANGUAGE_STANDARD = gnu99;
				GCC_NO_COMMON_BLOCKS = YES;
				GCC_WARN_64_TO_32_BIT_CONVERSION = YES;
				GCC_WARN_ABOUT_RETURN_TYPE = YES_ERROR;
				GCC_WARN_UNDECLARED_SELECTOR = YES;
				GCC_WARN_UNINITIALIZED_AUTOS = YES_AGGRESSIVE;
				GCC_WARN_UNUSED_FUNCTION = YES;
				GCC_WARN_UNUSED_VARIABLE = YES;
				IPHONEOS_DEPLOYMENT_TARGET = 9.2;
				MTL_ENABLE_DEBUG_INFO = NO;
				SDKROOT = iphoneos;
				TARGETED_DEVICE_FAMILY = "1,2";
				VALIDATE_PRODUCT = YES;
			};
			name = Release;
		};
		4E5EBDD31C626D7E0073252A /* Debug */ = {
			isa = XCBuildConfiguration;
			baseConfigurationReference = 8D9BD2F45E0BFDD5C78C7B9B /* Pods-Flicks.debug.xcconfig */;
			buildSettings = {
				ASSETCATALOG_COMPILER_APPICON_NAME = AppIcon;
				CLANG_ENABLE_MODULES = YES;
				CODE_SIGN_IDENTITY = "iPhone Developer";
				"CODE_SIGN_IDENTITY[sdk=iphoneos*]" = "iPhone Developer";
				INFOPLIST_FILE = Flicks/Info.plist;
				LD_RUNPATH_SEARCH_PATHS = "$(inherited) @executable_path/Frameworks";
				PRODUCT_BUNDLE_IDENTIFIER = cm.Flicks;
				PRODUCT_NAME = "$(TARGET_NAME)";
				PROVISIONING_PROFILE = "";
				SWIFT_OBJC_BRIDGING_HEADER = "Flicks/Flicks-Bridging-Header.h";
				SWIFT_OPTIMIZATION_LEVEL = "-Onone";
			};
			name = Debug;
		};
		4E5EBDD41C626D7E0073252A /* Release */ = {
			isa = XCBuildConfiguration;
			baseConfigurationReference = 16F4FDFB989DCD7F9DDB1637 /* Pods-Flicks.release.xcconfig */;
			buildSettings = {
				ASSETCATALOG_COMPILER_APPICON_NAME = AppIcon;
				CLANG_ENABLE_MODULES = YES;
				CODE_SIGN_IDENTITY = "iPhone Developer";
				"CODE_SIGN_IDENTITY[sdk=iphoneos*]" = "iPhone Developer";
				INFOPLIST_FILE = Flicks/Info.plist;
				LD_RUNPATH_SEARCH_PATHS = "$(inherited) @executable_path/Frameworks";
				PRODUCT_BUNDLE_IDENTIFIER = cm.Flicks;
				PRODUCT_NAME = "$(TARGET_NAME)";
				PROVISIONING_PROFILE = "";
				SWIFT_OBJC_BRIDGING_HEADER = "Flicks/Flicks-Bridging-Header.h";
			};
			name = Release;
		};
/* End XCBuildConfiguration section */

/* Begin XCConfigurationList section */
		4E5EBDBB1C626D7E0073252A /* Build configuration list for PBXProject "Flicks" */ = {
			isa = XCConfigurationList;
			buildConfigurations = (
				4E5EBDD01C626D7E0073252A /* Debug */,
				4E5EBDD11C626D7E0073252A /* Release */,
			);
			defaultConfigurationIsVisible = 0;
			defaultConfigurationName = Release;
		};
		4E5EBDD21C626D7E0073252A /* Build configuration list for PBXNativeTarget "Flicks" */ = {
			isa = XCConfigurationList;
			buildConfigurations = (
				4E5EBDD31C626D7E0073252A /* Debug */,
				4E5EBDD41C626D7E0073252A /* Release */,
			);
			defaultConfigurationIsVisible = 0;
			defaultConfigurationName = Release;
		};
/* End XCConfigurationList section */
	};
	rootObject = 4E5EBDB81C626D7E0073252A /* Project object */;
}
